[root]
name = "inquerest"
version = "0.1.5"
dependencies = [
 "peg 0.3.18 (registry+https://github.com/rust-lang/crates.io-index)",
]

[[package]]
name = "peg"
version = "0.3.18"
source = "registry+https://github.com/rust-lang/crates.io-index"

[metadata]
"checksum peg 0.3.18 (registry+https://github.com/rust-lang/crates.io-index)" = "7ea7024cd8b605f95590abe0512a71000d8c596dd364c27e64f039db9647ec8b"
